
Microsoft Visual Studio Solution File, Format Version 12.00
# Visual Studio 15
Project("{FAE04EC0-301F-11D3-BF4B-00C04F79EFBC}") = "UnityEngine.TestRunner", "UnityEngine.TestRunner.csproj", "{8F936C7C-D967-A879-7B10-538AC4A2779A}"
EndProject
Project("{FAE04EC0-301F-11D3-BF4B-00C04F79EFBC}") = "UnityEngine.UI", "UnityEngine.UI.csproj", "{392F4EEA-677E-80E3-0A58-A0804ECF464E}"
EndProject
Project("{FAE04EC0-301F-11D3-BF4B-00C04F79EFBC}") = "Unity.VisualScripting.Flow", "Unity.VisualScripting.Flow.csproj", "{A1B95344-582E-4963-E129-71AAC0179BE3}"
EndProject
Project("{FAE04EC0-301F-11D3-BF4B-00C04F79EFBC}") = "Unity.VisualScripting.State", "Unity.VisualScripting.State.csproj", "{9939B049-3E34-26EC-4685-74C9ECB6385D}"
EndProject
Project("{FAE04EC0-301F-11D3-BF4B-00C04F79EFBC}") = "Unity.VisualScripting.Core", "Unity.VisualScripting.Core.csproj", "{DED5CAF7-C0B9-F155-A000-57B0A8CF13B1}"
EndProject
Project("{FAE04EC0-301F-11D3-BF4B-00C04F79EFBC}") = "Unity.TextMeshPro", "Unity.TextMeshPro.csproj", "{D74A805A-9DF1-5FD6-94BF-8BB96D42E939}"
EndProject
Project("{FAE04EC0-301F-11D3-BF4B-00C04F79EFBC}") = "Assembly-CSharp", "Assembly-CSharp.csproj", "{760C3C8E-4038-4128-6F13-A5C3379F636E}"
EndProject
Project("{FAE04EC0-301F-11D3-BF4B-00C04F79EFBC}") = "Unity.Timeline", "Unity.Timeline.csproj", "{B85C415A-32F8-1F0C-64E6-B84F0F8FB886}"
EndProject
Project("{FAE04EC0-301F-11D3-BF4B-00C04F79EFBC}") = "Unity.PlasticSCM.Editor", "Unity.PlasticSCM.Editor.csproj", "{A31F0F23-079D-C4AB-C7E4-890E8DA2E77F}"
EndProject
Project("{FAE04EC0-301F-11D3-BF4B-00C04F79EFBC}") = "Unity.VisualScripting.Core.Editor", "Unity.VisualScripting.Core.Editor.csproj", "{5B7D30B3-9C50-C0A4-E03B-C01891A625B9}"
EndProject
Project("{FAE04EC0-301F-11D3-BF4B-00C04F79EFBC}") = "Meryel.CodeAssist.Editor", "Meryel.CodeAssist.Editor.csproj", "{7961D660-388F-C796-7655-1B0BC68A7B40}"
EndProject
Project("{FAE04EC0-301F-11D3-BF4B-00C04F79EFBC}") = "Unity.VisualScripting.Flow.Editor", "Unity.VisualScripting.Flow.Editor.csproj", "{E0AF43AE-2C84-877A-8744-8C3B985BBF6E}"
EndProject
Project("{FAE04EC0-301F-11D3-BF4B-00C04F79EFBC}") = "Unity.VisualStudio.Editor", "Unity.VisualStudio.Editor.csproj", "{C12D1A16-C200-FAFB-919F-9ADC68751473}"
EndProject
Project("{FAE04EC0-301F-11D3-BF4B-00C04F79EFBC}") = "Unity.Timeline.Editor", "Unity.Timeline.Editor.csproj", "{C74D0E4C-B058-E4BF-BD69-F0BA1DDFA932}"
EndProject
Project("{FAE04EC0-301F-11D3-BF4B-00C04F79EFBC}") = "Unity.VisualScripting.State.Editor", "Unity.VisualScripting.State.Editor.csproj", "{8CF9BF5F-6202-5FA2-7C4A-1D59E12655A3}"
EndProject
Project("{FAE04EC0-301F-11D3-BF4B-00C04F79EFBC}") = "Unity.TextMeshPro.Editor", "Unity.TextMeshPro.Editor.csproj", "{68F4E9FE-6D2D-6DF3-9662-0672584E378D}"
EndProject
Project("{FAE04EC0-301F-11D3-BF4B-00C04F79EFBC}") = "Unity.VisualScripting.SettingsProvider.Editor", "Unity.VisualScripting.SettingsProvider.Editor.csproj", "{7EF6434D-84C1-961B-B8B0-A92C62169D86}"
EndProject
Project("{FAE04EC0-301F-11D3-BF4B-00C04F79EFBC}") = "UnityEditor.TestRunner", "UnityEditor.TestRunner.csproj", "{1A894D23-7121-D084-C4A8-104DA2FE56A9}"
EndProject
Project("{FAE04EC0-301F-11D3-BF4B-00C04F79EFBC}") = "Unity.TestTools.CodeCoverage.Editor", "Unity.TestTools.CodeCoverage.Editor.csproj", "{6CDE3B09-F0A9-50CB-1DB7-5C97B80BF08B}"
EndProject
Project("{FAE04EC0-301F-11D3-BF4B-00C04F79EFBC}") = "Unity.Rider.Editor", "Unity.Rider.Editor.csproj", "{6E0D9097-2513-4EEB-5ECB-58B369993BC9}"
EndProject
Project("{FAE04EC0-301F-11D3-BF4B-00C04F79EFBC}") = "Unity.Performance.Profile-Analyzer.Editor", "Unity.Performance.Profile-Analyzer.Editor.csproj", "{AA4AA5FD-66CD-ECDF-F573-A4078643437F}"
EndProject
Project("{FAE04EC0-301F-11D3-BF4B-00C04F79EFBC}") = "Unity.VSCode.Editor", "Unity.VSCode.Editor.csproj", "{B7231CEB-3F41-585E-3DC2-5199F4B2BEE5}"
EndProject
Project("{FAE04EC0-301F-11D3-BF4B-00C04F79EFBC}") = "UnityEditor.UI", "UnityEditor.UI.csproj", "{C0F18C32-2A0B-867D-BBB5-1C9545FEE98D}"
EndProject
Project("{FAE04EC0-301F-11D3-BF4B-00C04F79EFBC}") = "Unity.TestTools.CodeCoverage.Editor.OpenCover.Model", "Unity.TestTools.CodeCoverage.Editor.OpenCover.Model.csproj", "{3267C62A-70A5-1FBD-5476-E9F37844A844}"
EndProject
Project("{FAE04EC0-301F-11D3-BF4B-00C04F79EFBC}") = "Unity.EditorCoroutines.Editor", "Unity.EditorCoroutines.Editor.csproj", "{DF8A6AEC-7F60-FAB4-54E8-DBF30EA86D25}"
EndProject
Project("{FAE04EC0-301F-11D3-BF4B-00C04F79EFBC}") = "Unity.Settings.Editor", "Unity.Settings.Editor.csproj", "{F9087497-7B64-EA53-24AA-1B4677866BC5}"
EndProject
Project("{FAE04EC0-301F-11D3-BF4B-00C04F79EFBC}") = "Unity.CollabProxy.Editor", "Unity.CollabProxy.Editor.csproj", "{2377F4F3-A2B1-7D64-1CCF-2722ECE38C3D}"
EndProject
Project("{FAE04EC0-301F-11D3-BF4B-00C04F79EFBC}") = "Unity.TestTools.CodeCoverage.Editor.OpenCover.Mono.Reflection", "Unity.TestTools.CodeCoverage.Editor.OpenCover.Mono.Reflection.csproj", "{5AE6AA0F-12B8-2E30-97DE-8CF9C2F406E4}"
EndProject
Project("{FAE04EC0-301F-11D3-BF4B-00C04F79EFBC}") = "Unity.VisualScripting.Shared.Editor", "Unity.VisualScripting.Shared.Editor.csproj", "{4021DFA4-8C2C-3EBC-75CE-7C203016578E}"
EndProject
Global
	GlobalSection(SolutionConfigurationPlatforms) = preSolution
		Debug|Any CPU = Debug|Any CPU
		Release|Any CPU = Release|Any CPU
	EndGlobalSection
	GlobalSection(ProjectConfigurationPlatforms) = postSolution
		{8F936C7C-D967-A879-7B10-538AC4A2779A}.Debug|Any CPU.ActiveCfg = Debug|Any CPU
		{8F936C7C-D967-A879-7B10-538AC4A2779A}.Debug|Any CPU.Build.0 = Debug|Any CPU
		{8F936C7C-D967-A879-7B10-538AC4A2779A}.Release|Any CPU.ActiveCfg = Release|Any CPU
		{8F936C7C-D967-A879-7B10-538AC4A2779A}.Release|Any CPU.Build.0 = Release|Any CPU
		{392F4EEA-677E-80E3-0A58-A0804ECF464E}.Debug|Any CPU.ActiveCfg = Debug|Any CPU
		{392F4EEA-677E-80E3-0A58-A0804ECF464E}.Debug|Any CPU.Build.0 = Debug|Any CPU
		{392F4EEA-677E-80E3-0A58-A0804ECF464E}.Release|Any CPU.ActiveCfg = Release|Any CPU
		{392F4EEA-677E-80E3-0A58-A0804ECF464E}.Release|Any CPU.Build.0 = Release|Any CPU
		{A1B95344-582E-4963-E129-71AAC0179BE3}.Debug|Any CPU.ActiveCfg = Debug|Any CPU
		{A1B95344-582E-4963-E129-71AAC0179BE3}.Debug|Any CPU.Build.0 = Debug|Any CPU
		{A1B95344-582E-4963-E129-71AAC0179BE3}.Release|Any CPU.ActiveCfg = Release|Any CPU
		{A1B95344-582E-4963-E129-71AAC0179BE3}.Release|Any CPU.Build.0 = Release|Any CPU
		{9939B049-3E34-26EC-4685-74C9ECB6385D}.Debug|Any CPU.ActiveCfg = Debug|Any CPU
		{9939B049-3E34-26EC-4685-74C9ECB6385D}.Debug|Any CPU.Build.0 = Debug|Any CPU
		{9939B049-3E34-26EC-4685-74C9ECB6385D}.Release|Any CPU.ActiveCfg = Release|Any CPU
		{9939B049-3E34-26EC-4685-74C9ECB6385D}.Release|Any CPU.Build.0 = Release|Any CPU
		{DED5CAF7-C0B9-F155-A000-57B0A8CF13B1}.Debug|Any CPU.ActiveCfg = Debug|Any CPU
		{DED5CAF7-C0B9-F155-A000-57B0A8CF13B1}.Debug|Any CPU.Build.0 = Debug|Any CPU
		{DED5CAF7-C0B9-F155-A000-57B0A8CF13B1}.Release|Any CPU.ActiveCfg = Release|Any CPU
		{DED5CAF7-C0B9-F155-A000-57B0A8CF13B1}.Release|Any CPU.Build.0 = Release|Any CPU
		{D74A805A-9DF1-5FD6-94BF-8BB96D42E939}.Debug|Any CPU.ActiveCfg = Debug|Any CPU
		{D74A805A-9DF1-5FD6-94BF-8BB96D42E939}.Debug|Any CPU.Build.0 = Debug|Any CPU
		{D74A805A-9DF1-5FD6-94BF-8BB96D42E939}.Release|Any CPU.ActiveCfg = Release|Any CPU
		{D74A805A-9DF1-5FD6-94BF-8BB96D42E939}.Release|Any CPU.Build.0 = Release|Any CPU
		{760C3C8E-4038-4128-6F13-A5C3379F636E}.Debug|Any CPU.ActiveCfg = Debug|Any CPU
		{760C3C8E-4038-4128-6F13-A5C3379F636E}.Debug|Any CPU.Build.0 = Debug|Any CPU
		{760C3C8E-4038-4128-6F13-A5C3379F636E}.Release|Any CPU.ActiveCfg = Release|Any CPU
		{760C3C8E-4038-4128-6F13-A5C3379F636E}.Release|Any CPU.Build.0 = Release|Any CPU
		{B85C415A-32F8-1F0C-64E6-B84F0F8FB886}.Debug|Any CPU.ActiveCfg = Debug|Any CPU
		{B85C415A-32F8-1F0C-64E6-B84F0F8FB886}.Debug|Any CPU.Build.0 = Debug|Any CPU
		{B85C415A-32F8-1F0C-64E6-B84F0F8FB886}.Release|Any CPU.ActiveCfg = Release|Any CPU
		{B85C415A-32F8-1F0C-64E6-B84F0F8FB886}.Release|Any CPU.Build.0 = Release|Any CPU
		{A31F0F23-079D-C4AB-C7E4-890E8DA2E77F}.Debug|Any CPU.ActiveCfg = Debug|Any CPU
		{A31F0F23-079D-C4AB-C7E4-890E8DA2E77F}.Debug|Any CPU.Build.0 = Debug|Any CPU
		{A31F0F23-079D-C4AB-C7E4-890E8DA2E77F}.Release|Any CPU.ActiveCfg = Release|Any CPU
		{A31F0F23-079D-C4AB-C7E4-890E8DA2E77F}.Release|Any CPU.Build.0 = Release|Any CPU
		{5B7D30B3-9C50-C0A4-E03B-C01891A625B9}.Debug|Any CPU.ActiveCfg = Debug|Any CPU
		{5B7D30B3-9C50-C0A4-E03B-C01891A625B9}.Debug|Any CPU.Build.0 = Debug|Any CPU
		{5B7D30B3-9C50-C0A4-E03B-C01891A625B9}.Release|Any CPU.ActiveCfg = Release|Any CPU
		{5B7D30B3-9C50-C0A4-E03B-C01891A625B9}.Release|Any CPU.Build.0 = Release|Any CPU
		{7961D660-388F-C796-7655-1B0BC68A7B40}.Debug|Any CPU.ActiveCfg = Debug|Any CPU
		{7961D660-388F-C796-7655-1B0BC68A7B40}.Debug|Any CPU.Build.0 = Debug|Any CPU
		{7961D660-388F-C796-7655-1B0BC68A7B40}.Release|Any CPU.ActiveCfg = Release|Any CPU
		{7961D660-388F-C796-7655-1B0BC68A7B40}.Release|Any CPU.Build.0 = Release|Any CPU
		{E0AF43AE-2C84-877A-8744-8C3B985BBF6E}.Debug|Any CPU.ActiveCfg = Debug|Any CPU
		{E0AF43AE-2C84-877A-8744-8C3B985BBF6E}.Debug|Any CPU.Build.0 = Debug|Any CPU
		{E0AF43AE-2C84-877A-8744-8C3B985BBF6E}.Release|Any CPU.ActiveCfg = Release|Any CPU
		{E0AF43AE-2C84-877A-8744-8C3B985BBF6E}.Release|Any CPU.Build.0 = Release|Any CPU
		{C12D1A16-C200-FAFB-919F-9ADC68751473}.Debug|Any CPU.ActiveCfg = Debug|Any CPU
		{C12D1A16-C200-FAFB-919F-9ADC68751473}.Debug|Any CPU.Build.0 = Debug|Any CPU
		{C12D1A16-C200-FAFB-919F-9ADC68751473}.Release|Any CPU.ActiveCfg = Release|Any CPU
		{C12D1A16-C200-FAFB-919F-9ADC68751473}.Release|Any CPU.Build.0 = Release|Any CPU
		{C74D0E4C-B058-E4BF-BD69-F0BA1DDFA932}.Debug|Any CPU.ActiveCfg = Debug|Any CPU
		{C74D0E4C-B058-E4BF-BD69-F0BA1DDFA932}.Debug|Any CPU.Build.0 = Debug|Any CPU
		{C74D0E4C-B058-E4BF-BD69-F0BA1DDFA932}.Release|Any CPU.ActiveCfg = Release|Any CPU
		{C74D0E4C-B058-E4BF-BD69-F0BA1DDFA932}.Release|Any CPU.Build.0 = Release|Any CPU
		{8CF9BF5F-6202-5FA2-7C4A-1D59E12655A3}.Debug|Any CPU.ActiveCfg = Debug|Any CPU
		{8CF9BF5F-6202-5FA2-7C4A-1D59E12655A3}.Debug|Any CPU.Build.0 = Debug|Any CPU
		{8CF9BF5F-6202-5FA2-7C4A-1D59E12655A3}.Release|Any CPU.ActiveCfg = Release|Any CPU
		{8CF9BF5F-6202-5FA2-7C4A-1D59E12655A3}.Release|Any CPU.Build.0 = Release|Any CPU
		{68F4E9FE-6D2D-6DF3-9662-0672584E378D}.Debug|Any CPU.ActiveCfg = Debug|Any CPU
		{68F4E9FE-6D2D-6DF3-9662-0672584E378D}.Debug|Any CPU.Build.0 = Debug|Any CPU
		{68F4E9FE-6D2D-6DF3-9662-0672584E378D}.Release|Any CPU.ActiveCfg = Release|Any CPU
		{68F4E9FE-6D2D-6DF3-9662-0672584E378D}.Release|Any CPU.Build.0 = Release|Any CPU
		{7EF6434D-84C1-961B-B8B0-A92C62169D86}.Debug|Any CPU.ActiveCfg = Debug|Any CPU
		{7EF6434D-84C1-961B-B8B0-A92C62169D86}.Debug|Any CPU.Build.0 = Debug|Any CPU
		{7EF6434D-84C1-961B-B8B0-A92C62169D86}.Release|Any CPU.ActiveCfg = Release|Any CPU
		{7EF6434D-84C1-961B-B8B0-A92C62169D86}.Release|Any CPU.Build.0 = Release|Any CPU
		{1A894D23-7121-D084-C4A8-104DA2FE56A9}.Debug|Any CPU.ActiveCfg = Debug|Any CPU
		{1A894D23-7121-D084-C4A8-104DA2FE56A9}.Debug|Any CPU.Build.0 = Debug|Any CPU
		{1A894D23-7121-D084-C4A8-104DA2FE56A9}.Release|Any CPU.ActiveCfg = Release|Any CPU
		{1A894D23-7121-D084-C4A8-104DA2FE56A9}.Release|Any CPU.Build.0 = Release|Any CPU
		{6CDE3B09-F0A9-50CB-1DB7-5C97B80BF08B}.Debug|Any CPU.ActiveCfg = Debug|Any CPU
		{6CDE3B09-F0A9-50CB-1DB7-5C97B80BF08B}.Debug|Any CPU.Build.0 = Debug|Any CPU
		{6CDE3B09-F0A9-50CB-1DB7-5C97B80BF08B}.Release|Any CPU.ActiveCfg = Release|Any CPU
		{6CDE3B09-F0A9-50CB-1DB7-5C97B80BF08B}.Release|Any CPU.Build.0 = Release|Any CPU
		{6E0D9097-2513-4EEB-5ECB-58B369993BC9}.Debug|Any CPU.ActiveCfg = Debug|Any CPU
		{6E0D9097-2513-4EEB-5ECB-58B369993BC9}.Debug|Any CPU.Build.0 = Debug|Any CPU
		{6E0D9097-2513-4EEB-5ECB-58B369993BC9}.Release|Any CPU.ActiveCfg = Release|Any CPU
		{6E0D9097-2513-4EEB-5ECB-58B369993BC9}.Release|Any CPU.Build.0 = Release|Any CPU
		{AA4AA5FD-66CD-ECDF-F573-A4078643437F}.Debug|Any CPU.ActiveCfg = Debug|Any CPU
		{AA4AA5FD-66CD-ECDF-F573-A4078643437F}.Debug|Any CPU.Build.0 = Debug|Any CPU
		{AA4AA5FD-66CD-ECDF-F573-A4078643437F}.Release|Any CPU.ActiveCfg = Release|Any CPU
		{AA4AA5FD-66CD-ECDF-F573-A4078643437F}.Release|Any CPU.Build.0 = Release|Any CPU
		{B7231CEB-3F41-585E-3DC2-5199F4B2BEE5}.Debug|Any CPU.ActiveCfg = Debug|Any CPU
		{B7231CEB-3F41-585E-3DC2-5199F4B2BEE5}.Debug|Any CPU.Build.0 = Debug|Any CPU
		{B7231CEB-3F41-585E-3DC2-5199F4B2BEE5}.Release|Any CPU.ActiveCfg = Release|Any CPU
		{B7231CEB-3F41-585E-3DC2-5199F4B2BEE5}.Release|Any CPU.Build.0 = Release|Any CPU
		{C0F18C32-2A0B-867D-BBB5-1C9545FEE98D}.Debug|Any CPU.ActiveCfg = Debug|Any CPU
		{C0F18C32-2A0B-867D-BBB5-1C9545FEE98D}.Debug|Any CPU.Build.0 = Debug|Any CPU
		{C0F18C32-2A0B-867D-BBB5-1C9545FEE98D}.Release|Any CPU.ActiveCfg = Release|Any CPU
		{C0F18C32-2A0B-867D-BBB5-1C9545FEE98D}.Release|Any CPU.Build.0 = Release|Any CPU
		{3267C62A-70A5-1FBD-5476-E9F37844A844}.Debug|Any CPU.ActiveCfg = Debug|Any CPU
		{3267C62A-70A5-1FBD-5476-E9F37844A844}.Debug|Any CPU.Build.0 = Debug|Any CPU
		{3267C62A-70A5-1FBD-5476-E9F37844A844}.Release|Any CPU.ActiveCfg = Release|Any CPU
		{3267C62A-70A5-1FBD-5476-E9F37844A844}.Release|Any CPU.Build.0 = Release|Any CPU
		{DF8A6AEC-7F60-FAB4-54E8-DBF30EA86D25}.Debug|Any CPU.ActiveCfg = Debug|Any CPU
		{DF8A6AEC-7F60-FAB4-54E8-DBF30EA86D25}.Debug|Any CPU.Build.0 = Debug|Any CPU
		{DF8A6AEC-7F60-FAB4-54E8-DBF30EA86D25}.Release|Any CPU.ActiveCfg = Release|Any CPU
		{DF8A6AEC-7F60-FAB4-54E8-DBF30EA86D25}.Release|Any CPU.Build.0 = Release|Any CPU
		{F9087497-7B64-EA53-24AA-1B4677866BC5}.Debug|Any CPU.ActiveCfg = Debug|Any CPU
		{F9087497-7B64-EA53-24AA-1B4677866BC5}.Debug|Any CPU.Build.0 = Debug|Any CPU
		{F9087497-7B64-EA53-24AA-1B4677866BC5}.Release|Any CPU.ActiveCfg = Release|Any CPU
		{F9087497-7B64-EA53-24AA-1B4677866BC5}.Release|Any CPU.Build.0 = Release|Any CPU
		{2377F4F3-A2B1-7D64-1CCF-2722ECE38C3D}.Debug|Any CPU.ActiveCfg = Debug|Any CPU
		{2377F4F3-A2B1-7D64-1CCF-2722ECE38C3D}.Debug|Any CPU.Build.0 = Debug|Any CPU
		{2377F4F3-A2B1-7D64-1CCF-2722ECE38C3D}.Release|Any CPU.ActiveCfg = Release|Any CPU
		{2377F4F3-A2B1-7D64-1CCF-2722ECE38C3D}.Release|Any CPU.Build.0 = Release|Any CPU
		{5AE6AA0F-12B8-2E30-97DE-8CF9C2F406E4}.Debug|Any CPU.ActiveCfg = Debug|Any CPU
		{5AE6AA0F-12B8-2E30-97DE-8CF9C2F406E4}.Debug|Any CPU.Build.0 = Debug|Any CPU
		{5AE6AA0F-12B8-2E30-97DE-8CF9C2F406E4}.Release|Any CPU.ActiveCfg = Release|Any CPU
		{5AE6AA0F-12B8-2E30-97DE-8CF9C2F406E4}.Release|Any CPU.Build.0 = Release|Any CPU
		{4021DFA4-8C2C-3EBC-75CE-7C203016578E}.Debug|Any CPU.ActiveCfg = Debug|Any CPU
		{4021DFA4-8C2C-3EBC-75CE-7C203016578E}.Debug|Any CPU.Build.0 = Debug|Any CPU
		{4021DFA4-8C2C-3EBC-75CE-7C203016578E}.Release|Any CPU.ActiveCfg = Release|Any CPU
		{4021DFA4-8C2C-3EBC-75CE-7C203016578E}.Release|Any CPU.Build.0 = Release|Any CPU
	EndGlobalSection
	GlobalSection(SolutionProperties) = preSolution
		HideSolutionNode = FALSE
	EndGlobalSection
EndGlobal
